
Microsoft Visual Studio Solution File, Format Version 12.00
# Visual Studio Version 16
VisualStudioVersion = 16.0.29519.87
MinimumVisualStudioVersion = 10.0.40219.1
Project("{FAE04EC0-301F-11D3-BF4B-00C04F79EFBC}") = "DbEnumerator", "DbEnumerator\DbEnumerator.csproj", "{32CED81A-C2CE-4773-B208-012921F76901}"
	ProjectSection(ProjectDependencies) = postProject
		{9F686943-7A13-4432-91D0-9D464BD8A9CC} = {9F686943-7A13-4432-91D0-9D464BD8A9CC}
	EndProjectSection
EndProject
Project("{FAE04EC0-301F-11D3-BF4B-00C04F79EFBC}") = "DbEnumeratorLib", "DbEnumeratorLib\DbEnumeratorLib.csproj", "{9F686943-7A13-4432-91D0-9D464BD8A9CC}"
EndProject
Global
	GlobalSection(SolutionConfigurationPlatforms) = preSolution
		Debug|Any CPU = Debug|Any CPU
		Release|Any CPU = Release|Any CPU
	EndGlobalSection
	GlobalSection(ProjectConfigurationPlatforms) = postSolution
		{32CED81A-C2CE-4773-B208-012921F76901}.Debug|Any CPU.ActiveCfg = Debug|Any CPU
		{32CED81A-C2CE-4773-B208-012921F76901}.Debug|Any CPU.Build.0 = Debug|Any CPU
		{32CED81A-C2CE-4773-B208-012921F76901}.Release|Any CPU.ActiveCfg = Release|Any CPU
		{32CED81A-C2CE-4773-B208-012921F76901}.Release|Any CPU.Build.0 = Release|Any CPU
		{9F686943-7A13-4432-91D0-9D464BD8A9CC}.Debug|Any CPU.ActiveCfg = Debug|Any CPU
		{9F686943-7A13-4432-91D0-9D464BD8A9CC}.Debug|Any CPU.Build.0 = Debug|Any CPU
		{9F686943-7A13-4432-91D0-9D464BD8A9CC}.Release|Any CPU.ActiveCfg = Release|Any CPU
		{9F686943-7A13-4432-91D0-9D464BD8A9CC}.Release|Any CPU.Build.0 = Release|Any CPU
	EndGlobalSection
	GlobalSection(SolutionProperties) = preSolution
		HideSolutionNode = FALSE
	EndGlobalSection
	GlobalSection(ExtensibilityGlobals) = postSolution
		SolutionGuid = {A753E9D1-0432-4D9D-9C08-D1204E3C415D}
	EndGlobalSection
EndGlobal
